
Microsoft Visual Studio Solution File, Format Version 12.00
# Visual Studio Version 17
VisualStudioVersion = 17.9.34723.18
MinimumVisualStudioVersion = 10.0.40219.1
Project("{FAE04EC0-301F-11D3-BF4B-00C04F79EFBC}") = "jcordovat1", "jcordovat1.csproj", "{833A672E-F1F5-4F04-B74C-BEF5F854BCD7}"
EndProject
Global
	GlobalSection(SolutionConfigurationPlatforms) = preSolution
		Debug|Any CPU = Debug|Any CPU
		Release|Any CPU = Release|Any CPU
	EndGlobalSection
	GlobalSection(ProjectConfigurationPlatforms) = postSolution
		{833A672E-F1F5-4F04-B74C-BEF5F854BCD7}.Debug|Any CPU.ActiveCfg = Debug|Any CPU
		{833A672E-F1F5-4F04-B74C-BEF5F854BCD7}.Debug|Any CPU.Build.0 = Debug|Any CPU
		{833A672E-F1F5-4F04-B74C-BEF5F854BCD7}.Debug|Any CPU.Deploy.0 = Debug|Any CPU
		{833A672E-F1F5-4F04-B74C-BEF5F854BCD7}.Release|Any CPU.ActiveCfg = Release|Any CPU
		{833A672E-F1F5-4F04-B74C-BEF5F854BCD7}.Release|Any CPU.Build.0 = Release|Any CPU
		{833A672E-F1F5-4F04-B74C-BEF5F854BCD7}.Release|Any CPU.Deploy.0 = Release|Any CPU
	EndGlobalSection
	GlobalSection(SolutionProperties) = preSolution
		HideSolutionNode = FALSE
	EndGlobalSection
	GlobalSection(ExtensibilityGlobals) = postSolution
		SolutionGuid = {D2CDEBD8-213D-4EAF-AD39-D46D3B108DA1}
	EndGlobalSection
EndGlobal
